// !$*UTF8*$!
{
	archiveVersion = 1;
	classes = {
	};
	objectVersion = 55;
	objects = {

/* Begin PBXBuildFile section */
		6B0A741428C1060B005DB992 /* AppDelegate.swift in Sources */ = {isa = PBXBuildFile; fileRef = 6B0A741328C1060B005DB992 /* AppDelegate.swift */; };
		6B0A741628C1060B005DB992 /* SceneDelegate.swift in Sources */ = {isa = PBXBuildFile; fileRef = 6B0A741528C1060B005DB992 /* SceneDelegate.swift */; };
		6B0A741828C1060B005DB992 /* ViewController.swift in Sources */ = {isa = PBXBuildFile; fileRef = 6B0A741728C1060B005DB992 /* ViewController.swift */; };
		6B0A741B28C1060B005DB992 /* Main.storyboard in Resources */ = {isa = PBXBuildFile; fileRef = 6B0A741928C1060B005DB992 /* Main.storyboard */; };
		6B0A741D28C1060C005DB992 /* Assets.xcassets in Resources */ = {isa = PBXBuildFile; fileRef = 6B0A741C28C1060C005DB992 /* Assets.xcassets */; };
		6B0A742028C1060C005DB992 /* LaunchScreen.storyboard in Resources */ = {isa = PBXBuildFile; fileRef = 6B0A741E28C1060C005DB992 /* LaunchScreen.storyboard */; };
		6B0A742B28C1060C005DB992 /* Multiply2Tests.swift in Sources */ = {isa = PBXBuildFile; fileRef = 6B0A742A28C1060C005DB992 /* Multiply2Tests.swift */; };
		6B0A743528C1060C005DB992 /* Multiply2UITests.swift in Sources */ = {isa = PBXBuildFile; fileRef = 6B0A743428C1060C005DB992 /* Multiply2UITests.swift */; };
		6B0A743728C1060C005DB992 /* Multiply2UITestsLaunchTests.swift in Sources */ = {isa = PBXBuildFile; fileRef = 6B0A743628C1060C005DB992 /* Multiply2UITestsLaunchTests.swift */; };
/* End PBXBuildFile section */

/* Begin PBXContainerItemProxy section */
		6B0A742728C1060C005DB992 /* PBXContainerItemProxy */ = {
			isa = PBXContainerItemProxy;
			containerPortal = 6B0A740828C1060B005DB992 /* Project object */;
			proxyType = 1;
			remoteGlobalIDString = 6B0A740F28C1060B005DB992;
			remoteInfo = Multiply2;
		};
		6B0A743128C1060C005DB992 /* PBXContainerItemProxy */ = {
			isa = PBXContainerItemProxy;
			containerPortal = 6B0A740828C1060B005DB992 /* Project object */;
			proxyType = 1;
			remoteGlobalIDString = 6B0A740F28C1060B005DB992;
			remoteInfo = Multiply2;
		};
/* End PBXContainerItemProxy section */

/* Begin PBXFileReference section */
		6B0A741028C1060B005DB992 /* Multiply2.app */ = {isa = PBXFileReference; explicitFileType = wrapper.application; includeInIndex = 0; path = Multiply2.app; sourceTree = BUILT_PRODUCTS_DIR; };
		6B0A741328C1060B005DB992 /* AppDelegate.swift */ = {isa = PBXFileReference; lastKnownFileType = sourcecode.swift; path = AppDelegate.swift; sourceTree = "<group>"; };
		6B0A741528C1060B005DB992 /* SceneDelegate.swift */ = {isa = PBXFileReference; lastKnownFileType = sourcecode.swift; path = SceneDelegate.swift; sourceTree = "<group>"; };
		6B0A741728C1060B005DB992 /* ViewController.swift */ = {isa = PBXFileReference; lastKnownFileType = sourcecode.swift; path = ViewController.swift; sourceTree = "<group>"; };
		6B0A741A28C1060B005DB992 /* Base */ = {isa = PBXFileReference; lastKnownFileType = file.storyboard; name = Base; path = Base.lproj/Main.storyboard; sourceTree = "<group>"; };
		6B0A741C28C1060C005DB992 /* Assets.xcassets */ = {isa = PBXFileReference; lastKnownFileType = folder.assetcatalog; path = Assets.xcassets; sourceTree = "<group>"; };
		6B0A741F28C1060C005DB992 /* Base */ = {isa = PBXFileReference; lastKnownFileType = file.storyboard; name = Base; path = Base.lproj/LaunchScreen.storyboard; sourceTree = "<group>"; };
		6B0A742128C1060C005DB992 /* Info.plist */ = {isa = PBXFileReference; lastKnownFileType = text.plist.xml; path = Info.plist; sourceTree = "<group>"; };
		6B0A742628C1060C005DB992 /* Multiply2Tests.xctest */ = {isa = PBXFileReference; explicitFileType = wrapper.cfbundle; includeInIndex = 0; path = Multiply2Tests.xctest; sourceTree = BUILT_PRODUCTS_DIR; };
		6B0A742A28C1060C005DB992 /* Multiply2Tests.swift */ = {isa = PBXFileReference; lastKnownFileType = sourcecode.swift; path = Multiply2Tests.swift; sourceTree = "<group>"; };
		6B0A743028C1060C005DB992 /* Multiply2UITests.xctest */ = {isa = PBXFileReference; explicitFileType = wrapper.cfbundle; includeInIndex = 0; path = Multiply2UITests.xctest; sourceTree = BUILT_PRODUCTS_DIR; };
		6B0A743428C1060C005DB992 /* Multiply2UITests.swift */ = {isa = PBXFileReference; lastKnownFileType = sourcecode.swift; path = Multiply2UITests.swift; sourceTree = "<group>"; };
		6B0A743628C1060C005DB992 /* Multiply2UITestsLaunchTests.swift */ = {isa = PBXFileReference; lastKnownFileType = sourcecode.swift; path = Multiply2UITestsLaunchTests.swift; sourceTree = "<group>"; };
/* End PBXFileReference section */

/* Begin PBXFrameworksBuildPhase section */
		6B0A740D28C1060B005DB992 /* Frameworks */ = {
			isa = PBXFrameworksBuildPhase;
			buildActionMask = 2147483647;
			files = (
			);
			runOnlyForDeploymentPostprocessing = 0;
		};
		6B0A742328C1060C005DB992 /* Frameworks */ = {
			isa = PBXFrameworksBuildPhase;
			buildActionMask = 2147483647;
			files = (
			);
			runOnlyForDeploymentPostprocessing = 0;
		};
		6B0A742D28C1060C005DB992 /* Frameworks */ = {
			isa = PBXFrameworksBuildPhase;
			buildActionMask = 2147483647;
			files = (
			);
			runOnlyForDeploymentPostprocessing = 0;
		};
/* End PBXFrameworksBuildPhase section */

/* Begin PBXGroup section */
		6B0A740728C1060B005DB992 = {
			isa = PBXGroup;
			children = (
				6B0A741228C1060B005DB992 /* Multiply2 */,
				6B0A742928C1060C005DB992 /* Multiply2Tests */,
				6B0A743328C1060C005DB992 /* Multiply2UITests */,
				6B0A741128C1060B005DB992 /* Products */,
			);
			sourceTree = "<group>";
		};
		6B0A741128C1060B005DB992 /* Products */ = {
			isa = PBXGroup;
			children = (
				6B0A741028C1060B005DB992 /* Multiply2.app */,
				6B0A742628C1060C005DB992 /* Multiply2Tests.xctest */,
				6B0A743028C1060C005DB992 /* Multiply2UITests.xctest */,
			);
			name = Products;
			sourceTree = "<group>";
		};
		6B0A741228C1060B005DB992 /* Multiply2 */ = {
			isa = PBXGroup;
			children = (
				6B0A741328C1060B005DB992 /* AppDelegate.swift */,
				6B0A741528C1060B005DB992 /* SceneDelegate.swift */,
				6B0A741728C1060B005DB992 /* ViewController.swift */,
				6B0A741928C1060B005DB992 /* Main.storyboard */,
				6B0A741C28C1060C005DB992 /* Assets.xcassets */,
				6B0A741E28C1060C005DB992 /* LaunchScreen.storyboard */,
				6B0A742128C1060C005DB992 /* Info.plist */,
			);
			path = Multiply2;
			sourceTree = "<group>";
		};
		6B0A742928C1060C005DB992 /* Multiply2Tests */ = {
			isa = PBXGroup;
			children = (
				6B0A742A28C1060C005DB992 /* Multiply2Tests.swift */,
			);
			path = Multiply2Tests;
			sourceTree = "<group>";
		};
		6B0A743328C1060C005DB992 /* Multiply2UITests */ = {
			isa = PBXGroup;
			children = (
				6B0A743428C1060C005DB992 /* Multiply2UITests.swift */,
				6B0A743628C1060C005DB992 /* Multiply2UITestsLaunchTests.swift */,
			);
			path = Multiply2UITests;
			sourceTree = "<group>";
		};
/* End PBXGroup section */

/* Begin PBXNativeTarget section */
		6B0A740F28C1060B005DB992 /* Multiply2 */ = {
			isa = PBXNativeTarget;
			buildConfigurationList = 6B0A743A28C1060C005DB992 /* Build configuration list for PBXNativeTarget "Multiply2" */;
			buildPhases = (
				6B0A740C28C1060B005DB992 /* Sources */,
				6B0A740D28C1060B005DB992 /* Frameworks */,
				6B0A740E28C1060B005DB992 /* Resources */,
			);
			buildRules = (
			);
			dependencies = (
			);
			name = Multiply2;
			productName = Multiply2;
			productReference = 6B0A741028C1060B005DB992 /* Multiply2.app */;
			productType = "com.apple.product-type.application";
		};
		6B0A742528C1060C005DB992 /* Multiply2Tests */ = {
			isa = PBXNativeTarget;
			buildConfigurationList = 6B0A743D28C1060C005DB992 /* Build configuration list for PBXNativeTarget "Multiply2Tests" */;
			buildPhases = (
				6B0A742228C1060C005DB992 /* Sources */,
				6B0A742328C1060C005DB992 /* Frameworks */,
				6B0A742428C1060C005DB992 /* Resources */,
			);
			buildRules = (
			);
			dependencies = (
				6B0A742828C1060C005DB992 /* PBXTargetDependency */,
			);
			name = Multiply2Tests;
			productName = Multiply2Tests;
			productReference = 6B0A742628C1060C005DB992 /* Multiply2Tests.xctest */;
			productType = "com.apple.product-type.bundle.unit-test";
		};
		6B0A742F28C1060C005DB992 /* Multiply2UITests */ = {
			isa = PBXNativeTarget;
			buildConfigurationList = 6B0A744028C1060C005DB992 /* Build configuration list for PBXNativeTarget "Multiply2UITests" */;
			buildPhases = (
				6B0A742C28C1060C005DB992 /* Sources */,
				6B0A742D28C1060C005DB992 /* Frameworks */,
				6B0A742E28C1060C005DB992 /* Resources */,
			);
			buildRules = (
			);
			dependencies = (
				6B0A743228C1060C005DB992 /* PBXTargetDependency */,
			);
			name = Multiply2UITests;
			productName = Multiply2UITests;
			productReference = 6B0A743028C1060C005DB992 /* Multiply2UITests.xctest */;
			productType = "com.apple.product-type.bundle.ui-testing";
		};
/* End PBXNativeTarget section */

/* Begin PBXProject section */
		6B0A740828C1060B005DB992 /* Project object */ = {
			isa = PBXProject;
			attributes = {
				BuildIndependentTargetsInParallel = 1;
				LastSwiftUpdateCheck = 1340;
				LastUpgradeCheck = 1340;
				TargetAttributes = {
					6B0A740F28C1060B005DB992 = {
						CreatedOnToolsVersion = 13.4.1;
					};
					6B0A742528C1060C005DB992 = {
						CreatedOnToolsVersion = 13.4.1;
						TestTargetID = 6B0A740F28C1060B005DB992;
					};
					6B0A742F28C1060C005DB992 = {
						CreatedOnToolsVersion = 13.4.1;
						TestTargetID = 6B0A740F28C1060B005DB992;
					};
				};
			};
			buildConfigurationList = 6B0A740B28C1060B005DB992 /* Build configuration list for PBXProject "Multiply2" */;
			compatibilityVersion = "Xcode 13.0";
			developmentRegion = en;
			hasScannedForEncodings = 0;
			knownRegions = (
				en,
				Base,
			);
			mainGroup = 6B0A740728C1060B005DB992;
			productRefGroup = 6B0A741128C1060B005DB992 /* Products */;
			projectDirPath = "";
			projectRoot = "";
			targets = (
				6B0A740F28C1060B005DB992 /* Multiply2 */,
				6B0A742528C1060C005DB992 /* Multiply2Tests */,
				6B0A742F28C1060C005DB992 /* Multiply2UITests */,
			);
		};
/* End PBXProject section */

/* Begin PBXResourcesBuildPhase section */
		6B0A740E28C1060B005DB992 /* Resources */ = {
			isa = PBXResourcesBuildPhase;
			buildActionMask = 2147483647;
			files = (
				6B0A742028C1060C005DB992 /* LaunchScreen.storyboard in Resources */,
				6B0A741D28C1060C005DB992 /* Assets.xcassets in Resources */,
				6B0A741B28C1060B005DB992 /* Main.storyboard in Resources */,
			);
			runOnlyForDeploymentPostprocessing = 0;
		};
		6B0A742428C1060C005DB992 /* Resources */ = {
			isa = PBXResourcesBuildPhase;
			buildActionMask = 2147483647;
			files = (
			);
			runOnlyForDeploymentPostprocessing = 0;
		};
		6B0A742E28C1060C005DB992 /* Resources */ = {
			isa = PBXResourcesBuildPhase;
			buildActionMask = 2147483647;
			files = (
			);
			runOnlyForDeploymentPostprocessing = 0;
		};
/* End PBXResourcesBuildPhase section */

/* Begin PBXSourcesBuildPhase section */
		6B0A740C28C1060B005DB992 /* Sources */ = {
			isa = PBXSourcesBuildPhase;
			buildActionMask = 2147483647;
			files = (
				6B0A741828C1060B005DB992 /* ViewController.swift in Sources */,
				6B0A741428C1060B005DB992 /* AppDelegate.swift in Sources */,
				6B0A741628C1060B005DB992 /* SceneDelegate.swift in Sources */,
			);
			runOnlyForDeploymentPostprocessing = 0;
		};
		6B0A742228C1060C005DB992 /* Sources */ = {
			isa = PBXSourcesBuildPhase;
			buildActionMask = 2147483647;
			files = (
				6B0A742B28C1060C005DB992 /* Multiply2Tests.swift in Sources */,
			);
			runOnlyForDeploymentPostprocessing = 0;
		};
		6B0A742C28C1060C005DB992 /* Sources */ = {
			isa = PBXSourcesBuildPhase;
			buildActionMask = 2147483647;
			files = (
				6B0A743528C1060C005DB992 /* Multiply2UITests.swift in Sources */,
				6B0A743728C1060C005DB992 /* Multiply2UITestsLaunchTests.swift in Sources */,
			);
			runOnlyForDeploymentPostprocessing = 0;
		};
/* End PBXSourcesBuildPhase section */

/* Begin PBXTargetDependency section */
		6B0A742828C1060C005DB992 /* PBXTargetDependency */ = {
			isa = PBXTargetDependency;
			target = 6B0A740F28C1060B005DB992 /* Multiply2 */;
			targetProxy = 6B0A742728C1060C005DB992 /* PBXContainerItemProxy */;
		};
		6B0A743228C1060C005DB992 /* PBXTargetDependency */ = {
			isa = PBXTargetDependency;
			target = 6B0A740F28C1060B005DB992 /* Multiply2 */;
			targetProxy = 6B0A743128C1060C005DB992 /* PBXContainerItemProxy */;
		};
/* End PBXTargetDependency section */

/* Begin PBXVariantGroup section */
		6B0A741928C1060B005DB992 /* Main.storyboard */ = {
			isa = PBXVariantGroup;
			children = (
				6B0A741A28C1060B005DB992 /* Base */,
			);
			name = Main.storyboard;
			sourceTree = "<group>";
		};
		6B0A741E28C1060C005DB992 /* LaunchScreen.storyboard */ = {
			isa = PBXVariantGroup;
			children = (
				6B0A741F28C1060C005DB992 /* Base */,
			);
			name = LaunchScreen.storyboard;
			sourceTree = "<group>";
		};
/* End PBXVariantGroup section */

/* Begin XCBuildConfiguration section */
		6B0A743828C1060C005DB992 /* Debug */ = {
			isa = XCBuildConfiguration;
			buildSettings = {
				ALWAYS_SEARCH_USER_PATHS = NO;
				CLANG_ANALYZER_NONNULL = YES;
				CLANG_ANALYZER_NUMBER_OBJECT_CONVERSION = YES_AGGRESSIVE;
				CLANG_CXX_LANGUAGE_STANDARD = "gnu++17";
				CLANG_ENABLE_MODULES = YES;
				CLANG_ENABLE_OBJC_ARC = YES;
				CLANG_ENABLE_OBJC_WEAK = YES;
				CLANG_WARN_BLOCK_CAPTURE_AUTORELEASING = YES;
				CLANG_WARN_BOOL_CONVERSION = YES;
				CLANG_WARN_COMMA = YES;
				CLANG_WARN_CONSTANT_CONVERSION = YES;
				CLANG_WARN_DEPRECATED_OBJC_IMPLEMENTATIONS = YES;
				CLANG_WARN_DIRECT_OBJC_ISA_USAGE = YES_ERROR;
				CLANG_WARN_DOCUMENTATION_COMMENTS = YES;
				CLANG_WARN_EMPTY_BODY = YES;
				CLANG_WARN_ENUM_CONVERSION = YES;
				CLANG_WARN_INFINITE_RECURSION = YES;
				CLANG_WARN_INT_CONVERSION = YES;
				CLANG_WARN_NON_LITERAL_NULL_CONVERSION = YES;
				CLANG_WARN_OBJC_IMPLICIT_RETAIN_SELF = YES;
				CLANG_WARN_OBJC_LITERAL_CONVERSION = YES;
				CLANG_WARN_OBJC_ROOT_CLASS = YES_ERROR;
				CLANG_WARN_QUOTED_INCLUDE_IN_FRAMEWORK_HEADER = YES;
				CLANG_WARN_RANGE_LOOP_ANALYSIS = YES;
				CLANG_WARN_STRICT_PROTOTYPES = YES;
				CLANG_WARN_SUSPICIOUS_MOVE = YES;
				CLANG_WARN_UNGUARDED_AVAILABILITY = YES_AGGRESSIVE;
				CLANG_WARN_UNREACHABLE_CODE = YES;
				CLANG_WARN__DUPLICATE_METHOD_MATCH = YES;
				COPY_PHASE_STRIP = NO;
				DEBUG_INFORMATION_FORMAT = dwarf;
				ENABLE_STRICT_OBJC_MSGSEND = YES;
				ENABLE_TESTABILITY = YES;
				GCC_C_LANGUAGE_STANDARD = gnu11;
				GCC_DYNAMIC_NO_PIC = NO;
				GCC_NO_COMMON_BLOCKS = YES;
				GCC_OPTIMIZATION_LEVEL = 0;
				GCC_PREPROCESSOR_DEFINITIONS = (
					"DEBUG=1",
					"$(inherited)",
				);
				GCC_WARN_64_TO_32_BIT_CONVERSION = YES;
				GCC_WARN_ABOUT_RETURN_TYPE = YES_ERROR;
				GCC_WARN_UNDECLARED_SELECTOR = YES;
				GCC_WARN_UNINITIALIZED_AUTOS = YES_AGGRESSIVE;
				GCC_WARN_UNUSED_FUNCTION = YES;
				GCC_WARN_UNUSED_VARIABLE = YES;
				IPHONEOS_DEPLOYMENT_TARGET = 15.5;
				MTL_ENABLE_DEBUG_INFO = INCLUDE_SOURCE;
				MTL_FAST_MATH = YES;
				ONLY_ACTIVE_ARCH = YES;
				SDKROOT = iphoneos;
				SWIFT_ACTIVE_COMPILATION_CONDITIONS = DEBUG;
				SWIFT_OPTIMIZATION_LEVEL = "-Onone";
			};
			name = Debug;
		};
		6B0A743928C1060C005DB992 /* Release */ = {
			isa = XCBuildConfiguration;
			buildSettings = {
				ALWAYS_SEARCH_USER_PATHS = NO;
				CLANG_ANALYZER_NONNULL = YES;
				CLANG_ANALYZER_NUMBER_OBJECT_CONVERSION = YES_AGGRESSIVE;
				CLANG_CXX_LANGUAGE_STANDARD = "gnu++17";
				CLANG_ENABLE_MODULES = YES;
				CLANG_ENABLE_OBJC_ARC = YES;
				CLANG_ENABLE_OBJC_WEAK = YES;
				CLANG_WARN_BLOCK_CAPTURE_AUTORELEASING = YES;
				CLANG_WARN_BOOL_CONVERSION = YES;
				CLANG_WARN_COMMA = YES;
				CLANG_WARN_CONSTANT_CONVERSION = YES;
				CLANG_WARN_DEPRECATED_OBJC_IMPLEMENTATIONS = YES;
				CLANG_WARN_DIRECT_OBJC_ISA_USAGE = YES_ERROR;
				CLANG_WARN_DOCUMENTATION_COMMENTS = YES;
				CLANG_WARN_EMPTY_BODY = YES;
				CLANG_WARN_ENUM_CONVERSION = YES;
				CLANG_WARN_INFINITE_RECURSION = YES;
				CLANG_WARN_INT_CONVERSION = YES;
				CLANG_WARN_NON_LITERAL_NULL_CONVERSION = YES;
				CLANG_WARN_OBJC_IMPLICIT_RETAIN_SELF = YES;
				CLANG_WARN_OBJC_LITERAL_CONVERSION = YES;
				CLANG_WARN_OBJC_ROOT_CLASS = YES_ERROR;
				CLANG_WARN_QUOTED_INCLUDE_IN_FRAMEWORK_HEADER = YES;
				CLANG_WARN_RANGE_LOOP_ANALYSIS = YES;
				CLANG_WARN_STRICT_PROTOTYPES = YES;
				CLANG_WARN_SUSPICIOUS_MOVE = YES;
				CLANG_WARN_UNGUARDED_AVAILABILITY = YES_AGGRESSIVE;
				CLANG_WARN_UNREACHABLE_CODE = YES;
				CLANG_WARN__DUPLICATE_METHOD_MATCH = YES;
				COPY_PHASE_STRIP = NO;
				DEBUG_INFORMATION_FORMAT = "dwarf-with-dsym";
				ENABLE_NS_ASSERTIONS = NO;
				ENABLE_STRICT_OBJC_MSGSEND = YES;
				GCC_C_LANGUAGE_STANDARD = gnu11;
				GCC_NO_COMMON_BLOCKS = YES;
				GCC_WARN_64_TO_32_BIT_CONVERSION = YES;
				GCC_WARN_ABOUT_RETURN_TYPE = YES_ERROR;
				GCC_WARN_UNDECLARED_SELECTOR = YES;
				GCC_WARN_UNINITIALIZED_AUTOS = YES_AGGRESSIVE;
				GCC_WARN_UNUSED_FUNCTION = YES;
				GCC_WARN_UNUSED_VARIABLE = YES;
				IPHONEOS_DEPLOYMENT_TARGET = 15.5;
				MTL_ENABLE_DEBUG_INFO = NO;
				MTL_FAST_MATH = YES;
				SDKROOT = iphoneos;
				SWIFT_COMPILATION_MODE = wholemodule;
				SWIFT_OPTIMIZATION_LEVEL = "-O";
				VALIDATE_PRODUCT = YES;
			};
			name = Release;
		};
		6B0A743B28C1060C005DB992 /* Debug */ = {
			isa = XCBuildConfiguration;
			buildSettings = {
				ASSETCATALOG_COMPILER_APPICON_NAME = AppIcon;
				ASSETCATALOG_COMPILER_GLOBAL_ACCENT_COLOR_NAME = AccentColor;
				CODE_SIGN_STYLE = Automatic;
				CURRENT_PROJECT_VERSION = 1;
				DEVELOPMENT_TEAM = 8AP78ZTLPT;
				GENERATE_INFOPLIST_FILE = YES;
				INFOPLIST_FILE = Multiply2/Info.plist;
				INFOPLIST_KEY_UIApplicationSupportsIndirectInputEvents = YES;
				INFOPLIST_KEY_UILaunchStoryboardName = LaunchScreen;
				INFOPLIST_KEY_UIMainStoryboardFile = Main;
				INFOPLIST_KEY_UISupportedInterfaceOrientations_iPad = "UIInterfaceOrientationPortrait UIInterfaceOrientationPortraitUpsideDown UIInterfaceOrientationLandscapeLeft UIInterfaceOrientationLandscapeRight";
				INFOPLIST_KEY_UISupportedInterfaceOrientations_iPhone = "UIInterfaceOrientationPortrait UIInterfaceOrientationLandscapeLeft UIInterfaceOrientationLandscapeRight";
				LD_RUNPATH_SEARCH_PATHS = (
					"$(inherited)",
					"@executable_path/Frameworks",
				);
				MARKETING_VERSION = 1.0;
				PRODUCT_BUNDLE_IDENTIFIER = FuturesLabJh.Multiply2;
				PRODUCT_NAME = "$(TARGET_NAME)";
				SWIFT_EMIT_LOC_STRINGS = YES;
				SWIFT_VERSION = 5.0;
				TARGETED_DEVICE_FAMILY = "1,2";
			};
			name = Debug;
		};
		6B0A743C28C1060C005DB992 /* Release */ = {
			isa = XCBuildConfiguration;
			buildSettings = {
				ASSETCATALOG_COMPILER_APPICON_NAME = AppIcon;
				ASSETCATALOG_COMPILER_GLOBAL_ACCENT_COLOR_NAME = AccentColor;
				CODE_SIGN_STYLE = Automatic;
				CURRENT_PROJECT_VERSION = 1;
				DEVELOPMENT_TEAM = 8AP78ZTLPT;
				GENERATE_INFOPLIST_FILE = YES;
				INFOPLIST_FILE = Multiply2/Info.plist;
				INFOPLIST_KEY_UIApplicationSupportsIndirectInputEvents = YES;
				INFOPLIST_KEY_UILaunchStoryboardName = LaunchScreen;
				INFOPLIST_KEY_UIMainStoryboardFile = Main;
				INFOPLIST_KEY_UISupportedInterfaceOrientations_iPad = "UIInterfaceOrientationPortrait UIInterfaceOrientationPortraitUpsideDown UIInterfaceOrientationLandscapeLeft UIInterfaceOrientationLandscapeRight";
				INFOPLIST_KEY_UISupportedInterfaceOrientations_iPhone = "UIInterfaceOrientationPortrait UIInterfaceOrientationLandscapeLeft UIInterfaceOrientationLandscapeRight";
				LD_RUNPATH_SEARCH_PATHS = (
					"$(inherited)",
					"@executable_path/Frameworks",
				);
				MARKETING_VERSION = 1.0;
				PRODUCT_BUNDLE_IDENTIFIER = FuturesLabJh.Multiply2;
				PRODUCT_NAME = "$(TARGET_NAME)";
				SWIFT_EMIT_LOC_STRINGS = YES;
				SWIFT_VERSION = 5.0;
				TARGETED_DEVICE_FAMILY = "1,2";
			};
			name = Release;
		};
		6B0A743E28C1060C005DB992 /* Debug */ = {
			isa = XCBuildConfiguration;
			buildSettings = {
				ALWAYS_EMBED_SWIFT_STANDARD_LIBRARIES = YES;
				BUNDLE_LOADER = "$(TEST_HOST)";
				CODE_SIGN_STYLE = Automatic;
				CURRENT_PROJECT_VERSION = 1;
				DEVELOPMENT_TEAM = 8AP78ZTLPT;
				GENERATE_INFOPLIST_FILE = YES;
				IPHONEOS_DEPLOYMENT_TARGET = 15.5;
				MARKETING_VERSION = 1.0;
				PRODUCT_BUNDLE_IDENTIFIER = FuturesLabJh.Multiply2Tests;
				PRODUCT_NAME = "$(TARGET_NAME)";
				SWIFT_EMIT_LOC_STRINGS = NO;
				SWIFT_VERSION = 5.0;
				TARGETED_DEVICE_FAMILY = "1,2";
				TEST_HOST = "$(BUILT_PRODUCTS_DIR)/Multiply2.app/Multiply2";
			};
			name = Debug;
		};
		6B0A743F28C1060C005DB992 /* Release */ = {
			isa = XCBuildConfiguration;
			buildSettings = {
				ALWAYS_EMBED_SWIFT_STANDARD_LIBRARIES = YES;
				BUNDLE_LOADER = "$(TEST_HOST)";
				CODE_SIGN_STYLE = Automatic;
				CURRENT_PROJECT_VERSION = 1;
				DEVELOPMENT_TEAM = 8AP78ZTLPT;
				GENERATE_INFOPLIST_FILE = YES;
				IPHONEOS_DEPLOYMENT_TARGET = 15.5;
				MARKETING_VERSION = 1.0;
				PRODUCT_BUNDLE_IDENTIFIER = FuturesLabJh.Multiply2Tests;
				PRODUCT_NAME = "$(TARGET_NAME)";
				SWIFT_EMIT_LOC_STRINGS = NO;
				SWIFT_VERSION = 5.0;
				TARGETED_DEVICE_FAMILY = "1,2";
				TEST_HOST = "$(BUILT_PRODUCTS_DIR)/Multiply2.app/Multiply2";
			};
			name = Release;
		};
		6B0A744128C1060C005DB992 /* Debug */ = {
			isa = XCBuildConfiguration;
			buildSettings = {
				ALWAYS_EMBED_SWIFT_STANDARD_LIBRARIES = YES;
				CODE_SIGN_STYLE = Automatic;
				CURRENT_PROJECT_VERSION = 1;
				DEVELOPMENT_TEAM = 8AP78ZTLPT;
				GENERATE_INFOPLIST_FILE = YES;
				MARKETING_VERSION = 1.0;
				PRODUCT_BUNDLE_IDENTIFIER = FuturesLabJh.Multiply2UITests;
				PRODUCT_NAME = "$(TARGET_NAME)";
				SWIFT_EMIT_LOC_STRINGS = NO;
				SWIFT_VERSION = 5.0;
				TARGETED_DEVICE_FAMILY = "1,2";
				TEST_TARGET_NAME = Multiply2;
			};
			name = Debug;
		};
		6B0A744228C1060C005DB992 /* Release */ = {
			isa = XCBuildConfiguration;
			buildSettings = {
				ALWAYS_EMBED_SWIFT_STANDARD_LIBRARIES = YES;
				CODE_SIGN_STYLE = Automatic;
				CURRENT_PROJECT_VERSION = 1;
				DEVELOPMENT_TEAM = 8AP78ZTLPT;
				GENERATE_INFOPLIST_FILE = YES;
				MARKETING_VERSION = 1.0;
				PRODUCT_BUNDLE_IDENTIFIER = FuturesLabJh.Multiply2UITests;
				PRODUCT_NAME = "$(TARGET_NAME)";
				SWIFT_EMIT_LOC_STRINGS = NO;
				SWIFT_VERSION = 5.0;
				TARGETED_DEVICE_FAMILY = "1,2";
				TEST_TARGET_NAME = Multiply2;
			};
			name = Release;
		};
/* End XCBuildConfiguration section */

/* Begin XCConfigurationList section */
		6B0A740B28C1060B005DB992 /* Build configuration list for PBXProject "Multiply2" */ = {
			isa = XCConfigurationList;
			buildConfigurations = (
				6B0A743828C1060C005DB992 /* Debug */,
				6B0A743928C1060C005DB992 /* Release */,
			);
			defaultConfigurationIsVisible = 0;
			defaultConfigurationName = Release;
		};
		6B0A743A28C1060C005DB992 /* Build configuration list for PBXNativeTarget "Multiply2" */ = {
			isa = XCConfigurationList;
			buildConfigurations = (
				6B0A743B28C1060C005DB992 /* Debug */,
				6B0A743C28C1060C005DB992 /* Release */,
			);
			defaultConfigurationIsVisible = 0;
			defaultConfigurationName = Release;
		};
		6B0A743D28C1060C005DB992 /* Build configuration list for PBXNativeTarget "Multiply2Tests" */ = {
			isa = XCConfigurationList;
			buildConfigurations = (
				6B0A743E28C1060C005DB992 /* Debug */,
				6B0A743F28C1060C005DB992 /* Release */,
			);
			defaultConfigurationIsVisible = 0;
			defaultConfigurationName = Release;
		};
		6B0A744028C1060C005DB992 /* Build configuration list for PBXNativeTarget "Multiply2UITests" */ = {
			isa = XCConfigurationList;
			buildConfigurations = (
				6B0A744128C1060C005DB992 /* Debug */,
				6B0A744228C1060C005DB992 /* Release */,
			);
			defaultConfigurationIsVisible = 0;
			defaultConfigurationName = Release;
		};
/* End XCConfigurationList section */
	};
	rootObject = 6B0A740828C1060B005DB992 /* Project object */;
}
